
Microsoft Visual Studio Solution File, Format Version 12.00
# Visual Studio 15
VisualStudioVersion = 15.0.26430.14
MinimumVisualStudioVersion = 10.0.40219.1
Project("{9A19103F-16F7-4668-BE54-9A1E7A4F7556}") = "CreateFormDemo", "CreateFormDemo\CreateFormDemo.csproj", "{97F5997A-F477-42E3-A2D8-85F8F96D8EDD}"
EndProject
Project("{FAE04EC0-301F-11D3-BF4B-00C04F79EFBC}") = "MvcDynamicFormsCore", "MvcDynamicFormsCore\MvcDynamicFormsCore.csproj", "{B5A145C6-CBEE-49B8-B1F0-11155C7EB082}"
EndProject
Global
	GlobalSection(SolutionConfigurationPlatforms) = preSolution
		Debug|Any CPU = Debug|Any CPU
		Release|Any CPU = Release|Any CPU
	EndGlobalSection
	GlobalSection(ProjectConfigurationPlatforms) = postSolution
		{97F5997A-F477-42E3-A2D8-85F8F96D8EDD}.Debug|Any CPU.ActiveCfg = Debug|Any CPU
		{97F5997A-F477-42E3-A2D8-85F8F96D8EDD}.Debug|Any CPU.Build.0 = Debug|Any CPU
		{97F5997A-F477-42E3-A2D8-85F8F96D8EDD}.Release|Any CPU.ActiveCfg = Release|Any CPU
		{97F5997A-F477-42E3-A2D8-85F8F96D8EDD}.Release|Any CPU.Build.0 = Release|Any CPU
		{B5A145C6-CBEE-49B8-B1F0-11155C7EB082}.Debug|Any CPU.ActiveCfg = Debug|Any CPU
		{B5A145C6-CBEE-49B8-B1F0-11155C7EB082}.Debug|Any CPU.Build.0 = Debug|Any CPU
		{B5A145C6-CBEE-49B8-B1F0-11155C7EB082}.Release|Any CPU.ActiveCfg = Release|Any CPU
		{B5A145C6-CBEE-49B8-B1F0-11155C7EB082}.Release|Any CPU.Build.0 = Release|Any CPU
	EndGlobalSection
	GlobalSection(SolutionProperties) = preSolution
		HideSolutionNode = FALSE
	EndGlobalSection
EndGlobal
